// !$*UTF8*$!
{
	archiveVersion = 1;
	classes = {
	};
	objectVersion = 50;
	objects = {

/* Begin PBXBuildFile section */
		68FE62A2213B9D1F0068C2B1 /* AppDelegate.swift in Sources */ = {isa = PBXBuildFile; fileRef = 68FE62A1213B9D1F0068C2B1 /* AppDelegate.swift */; };
		68FE62A4213B9D1F0068C2B1 /* ViewController.swift in Sources */ = {isa = PBXBuildFile; fileRef = 68FE62A3213B9D1F0068C2B1 /* ViewController.swift */; };
		68FE62A7213B9D1F0068C2B1 /* Main.storyboard in Resources */ = {isa = PBXBuildFile; fileRef = 68FE62A5213B9D1F0068C2B1 /* Main.storyboard */; };
		68FE62A9213B9D220068C2B1 /* Assets.xcassets in Resources */ = {isa = PBXBuildFile; fileRef = 68FE62A8213B9D220068C2B1 /* Assets.xcassets */; };
		68FE62AC213B9D220068C2B1 /* LaunchScreen.storyboard in Resources */ = {isa = PBXBuildFile; fileRef = 68FE62AA213B9D220068C2B1 /* LaunchScreen.storyboard */; };
		68FE62B7213B9D220068C2B1 /* ConcentrationTests.swift in Sources */ = {isa = PBXBuildFile; fileRef = 68FE62B6213B9D220068C2B1 /* ConcentrationTests.swift */; };
		68FE62C2213B9D220068C2B1 /* ConcentrationUITests.swift in Sources */ = {isa = PBXBuildFile; fileRef = 68FE62C1213B9D220068C2B1 /* ConcentrationUITests.swift */; };
/* End PBXBuildFile section */

/* Begin PBXContainerItemProxy section */
		68FE62B3213B9D220068C2B1 /* PBXContainerItemProxy */ = {
			isa = PBXContainerItemProxy;
			containerPortal = 68FE6296213B9D1F0068C2B1 /* Project object */;
			proxyType = 1;
			remoteGlobalIDString = 68FE629D213B9D1F0068C2B1;
			remoteInfo = Concentration;
		};
		68FE62BE213B9D220068C2B1 /* PBXContainerItemProxy */ = {
			isa = PBXContainerItemProxy;
			containerPortal = 68FE6296213B9D1F0068C2B1 /* Project object */;
			proxyType = 1;
			remoteGlobalIDString = 68FE629D213B9D1F0068C2B1;
			remoteInfo = Concentration;
		};
/* End PBXContainerItemProxy section */

/* Begin PBXFileReference section */
		68FE629E213B9D1F0068C2B1 /* Concentration.app */ = {isa = PBXFileReference; explicitFileType = wrapper.application; includeInIndex = 0; path = Concentration.app; sourceTree = BUILT_PRODUCTS_DIR; };
		68FE62A1213B9D1F0068C2B1 /* AppDelegate.swift */ = {isa = PBXFileReference; lastKnownFileType = sourcecode.swift; path = AppDelegate.swift; sourceTree = "<group>"; };
		68FE62A3213B9D1F0068C2B1 /* ViewController.swift */ = {isa = PBXFileReference; lastKnownFileType = sourcecode.swift; path = ViewController.swift; sourceTree = "<group>"; };
		68FE62A6213B9D1F0068C2B1 /* Base */ = {isa = PBXFileReference; lastKnownFileType = file.storyboard; name = Base; path = Base.lproj/Main.storyboard; sourceTree = "<group>"; };
		68FE62A8213B9D220068C2B1 /* Assets.xcassets */ = {isa = PBXFileReference; lastKnownFileType = folder.assetcatalog; path = Assets.xcassets; sourceTree = "<group>"; };
		68FE62AB213B9D220068C2B1 /* Base */ = {isa = PBXFileReference; lastKnownFileType = file.storyboard; name = Base; path = Base.lproj/LaunchScreen.storyboard; sourceTree = "<group>"; };
		68FE62AD213B9D220068C2B1 /* Info.plist */ = {isa = PBXFileReference; lastKnownFileType = text.plist.xml; path = Info.plist; sourceTree = "<group>"; };
		68FE62B2213B9D220068C2B1 /* ConcentrationTests.xctest */ = {isa = PBXFileReference; explicitFileType = wrapper.cfbundle; includeInIndex = 0; path = ConcentrationTests.xctest; sourceTree = BUILT_PRODUCTS_DIR; };
		68FE62B6213B9D220068C2B1 /* ConcentrationTests.swift */ = {isa = PBXFileReference; lastKnownFileType = sourcecode.swift; path = ConcentrationTests.swift; sourceTree = "<group>"; };
		68FE62B8213B9D220068C2B1 /* Info.plist */ = {isa = PBXFileReference; lastKnownFileType = text.plist.xml; path = Info.plist; sourceTree = "<group>"; };
		68FE62BD213B9D220068C2B1 /* ConcentrationUITests.xctest */ = {isa = PBXFileReference; explicitFileType = wrapper.cfbundle; includeInIndex = 0; path = ConcentrationUITests.xctest; sourceTree = BUILT_PRODUCTS_DIR; };
		68FE62C1213B9D220068C2B1 /* ConcentrationUITests.swift */ = {isa = PBXFileReference; lastKnownFileType = sourcecode.swift; path = ConcentrationUITests.swift; sourceTree = "<group>"; };
		68FE62C3213B9D220068C2B1 /* Info.plist */ = {isa = PBXFileReference; lastKnownFileType = text.plist.xml; path = Info.plist; sourceTree = "<group>"; };
/* End PBXFileReference section */

/* Begin PBXFrameworksBuildPhase section */
		68FE629B213B9D1F0068C2B1 /* Frameworks */ = {
			isa = PBXFrameworksBuildPhase;
			buildActionMask = 2147483647;
			files = (
			);
			runOnlyForDeploymentPostprocessing = 0;
		};
		68FE62AF213B9D220068C2B1 /* Frameworks */ = {
			isa = PBXFrameworksBuildPhase;
			buildActionMask = 2147483647;
			files = (
			);
			runOnlyForDeploymentPostprocessing = 0;
		};
		68FE62BA213B9D220068C2B1 /* Frameworks */ = {
			isa = PBXFrameworksBuildPhase;
			buildActionMask = 2147483647;
			files = (
			);
			runOnlyForDeploymentPostprocessing = 0;
		};
/* End PBXFrameworksBuildPhase section */

/* Begin PBXGroup section */
		68FE6295213B9D1F0068C2B1 = {
			isa = PBXGroup;
			children = (
				68FE62A0213B9D1F0068C2B1 /* Concentration */,
				68FE62B5213B9D220068C2B1 /* ConcentrationTests */,
				68FE62C0213B9D220068C2B1 /* ConcentrationUITests */,
				68FE629F213B9D1F0068C2B1 /* Products */,
			);
			sourceTree = "<group>";
		};
		68FE629F213B9D1F0068C2B1 /* Products */ = {
			isa = PBXGroup;
			children = (
				68FE629E213B9D1F0068C2B1 /* Concentration.app */,
				68FE62B2213B9D220068C2B1 /* ConcentrationTests.xctest */,
				68FE62BD213B9D220068C2B1 /* ConcentrationUITests.xctest */,
			);
			name = Products;
			sourceTree = "<group>";
		};
		68FE62A0213B9D1F0068C2B1 /* Concentration */ = {
			isa = PBXGroup;
			children = (
				68FE62A1213B9D1F0068C2B1 /* AppDelegate.swift */,
				68FE62A3213B9D1F0068C2B1 /* ViewController.swift */,
				68FE62A5213B9D1F0068C2B1 /* Main.storyboard */,
				68FE62A8213B9D220068C2B1 /* Assets.xcassets */,
				68FE62AA213B9D220068C2B1 /* LaunchScreen.storyboard */,
				68FE62AD213B9D220068C2B1 /* Info.plist */,
			);
			path = Concentration;
			sourceTree = "<group>";
		};
		68FE62B5213B9D220068C2B1 /* ConcentrationTests */ = {
			isa = PBXGroup;
			children = (
				68FE62B6213B9D220068C2B1 /* ConcentrationTests.swift */,
				68FE62B8213B9D220068C2B1 /* Info.plist */,
			);
			path = ConcentrationTests;
			sourceTree = "<group>";
		};
		68FE62C0213B9D220068C2B1 /* ConcentrationUITests */ = {
			isa = PBXGroup;
			children = (
				68FE62C1213B9D220068C2B1 /* ConcentrationUITests.swift */,
				68FE62C3213B9D220068C2B1 /* Info.plist */,
			);
			path = ConcentrationUITests;
			sourceTree = "<group>";
		};
/* End PBXGroup section */

/* Begin PBXNativeTarget section */
		68FE629D213B9D1F0068C2B1 /* Concentration */ = {
			isa = PBXNativeTarget;
			buildConfigurationList = 68FE62C6213B9D220068C2B1 /* Build configuration list for PBXNativeTarget "Concentration" */;
			buildPhases = (
				68FE629A213B9D1F0068C2B1 /* Sources */,
				68FE629B213B9D1F0068C2B1 /* Frameworks */,
				68FE629C213B9D1F0068C2B1 /* Resources */,
			);
			buildRules = (
			);
			dependencies = (
			);
			name = Concentration;
			productName = Concentration;
			productReference = 68FE629E213B9D1F0068C2B1 /* Concentration.app */;
			productType = "com.apple.product-type.application";
		};
		68FE62B1213B9D220068C2B1 /* ConcentrationTests */ = {
			isa = PBXNativeTarget;
			buildConfigurationList = 68FE62C9213B9D220068C2B1 /* Build configuration list for PBXNativeTarget "ConcentrationTests" */;
			buildPhases = (
				68FE62AE213B9D220068C2B1 /* Sources */,
				68FE62AF213B9D220068C2B1 /* Frameworks */,
				68FE62B0213B9D220068C2B1 /* Resources */,
			);
			buildRules = (
			);
			dependencies = (
				68FE62B4213B9D220068C2B1 /* PBXTargetDependency */,
			);
			name = ConcentrationTests;
			productName = ConcentrationTests;
			productReference = 68FE62B2213B9D220068C2B1 /* ConcentrationTests.xctest */;
			productType = "com.apple.product-type.bundle.unit-test";
		};
		68FE62BC213B9D220068C2B1 /* ConcentrationUITests */ = {
			isa = PBXNativeTarget;
			buildConfigurationList = 68FE62CC213B9D220068C2B1 /* Build configuration list for PBXNativeTarget "ConcentrationUITests" */;
			buildPhases = (
				68FE62B9213B9D220068C2B1 /* Sources */,
				68FE62BA213B9D220068C2B1 /* Frameworks */,
				68FE62BB213B9D220068C2B1 /* Resources */,
			);
			buildRules = (
			);
			dependencies = (
				68FE62BF213B9D220068C2B1 /* PBXTargetDependency */,
			);
			name = ConcentrationUITests;
			productName = ConcentrationUITests;
			productReference = 68FE62BD213B9D220068C2B1 /* ConcentrationUITests.xctest */;
			productType = "com.apple.product-type.bundle.ui-testing";
		};
/* End PBXNativeTarget section */

/* Begin PBXProject section */
		68FE6296213B9D1F0068C2B1 /* Project object */ = {
			isa = PBXProject;
			attributes = {
				LastSwiftUpdateCheck = 0940;
				LastUpgradeCheck = 0940;
				ORGANIZATIONNAME = "Steven Huang";
				TargetAttributes = {
					68FE629D213B9D1F0068C2B1 = {
						CreatedOnToolsVersion = 9.4.1;
					};
					68FE62B1213B9D220068C2B1 = {
						CreatedOnToolsVersion = 9.4.1;
						TestTargetID = 68FE629D213B9D1F0068C2B1;
					};
					68FE62BC213B9D220068C2B1 = {
						CreatedOnToolsVersion = 9.4.1;
						TestTargetID = 68FE629D213B9D1F0068C2B1;
					};
				};
			};
			buildConfigurationList = 68FE6299213B9D1F0068C2B1 /* Build configuration list for PBXProject "Concentration" */;
			compatibilityVersion = "Xcode 9.3";
			developmentRegion = en;
			hasScannedForEncodings = 0;
			knownRegions = (
				en,
				Base,
			);
			mainGroup = 68FE6295213B9D1F0068C2B1;
			productRefGroup = 68FE629F213B9D1F0068C2B1 /* Products */;
			projectDirPath = "";
			projectRoot = "";
			targets = (
				68FE629D213B9D1F0068C2B1 /* Concentration */,
				68FE62B1213B9D220068C2B1 /* ConcentrationTests */,
				68FE62BC213B9D220068C2B1 /* ConcentrationUITests */,
			);
		};
/* End PBXProject section */

/* Begin PBXResourcesBuildPhase section */
		68FE629C213B9D1F0068C2B1 /* Resources */ = {
			isa = PBXResourcesBuildPhase;
			buildActionMask = 2147483647;
			files = (
				68FE62AC213B9D220068C2B1 /* LaunchScreen.storyboard in Resources */,
				68FE62A9213B9D220068C2B1 /* Assets.xcassets in Resources */,
				68FE62A7213B9D1F0068C2B1 /* Main.storyboard in Resources */,
			);
			runOnlyForDeploymentPostprocessing = 0;
		};
		68FE62B0213B9D220068C2B1 /* Resources */ = {
			isa = PBXResourcesBuildPhase;
			buildActionMask = 2147483647;
			files = (
			);
			runOnlyForDeploymentPostprocessing = 0;
		};
		68FE62BB213B9D220068C2B1 /* Resources */ = {
			isa = PBXResourcesBuildPhase;
			buildActionMask = 2147483647;
			files = (
			);
			runOnlyForDeploymentPostprocessing = 0;
		};
/* End PBXResourcesBuildPhase section */

/* Begin PBXSourcesBuildPhase section */
		68FE629A213B9D1F0068C2B1 /* Sources */ = {
			isa = PBXSourcesBuildPhase;
			buildActionMask = 2147483647;
			files = (
				68FE62A4213B9D1F0068C2B1 /* ViewController.swift in Sources */,
				68FE62A2213B9D1F0068C2B1 /* AppDelegate.swift in Sources */,
			);
			runOnlyForDeploymentPostprocessing = 0;
		};
		68FE62AE213B9D220068C2B1 /* Sources */ = {
			isa = PBXSourcesBuildPhase;
			buildActionMask = 2147483647;
			files = (
				68FE62B7213B9D220068C2B1 /* ConcentrationTests.swift in Sources */,
			);
			runOnlyForDeploymentPostprocessing = 0;
		};
		68FE62B9213B9D220068C2B1 /* Sources */ = {
			isa = PBXSourcesBuildPhase;
			buildActionMask = 2147483647;
			files = (
				68FE62C2213B9D220068C2B1 /* ConcentrationUITests.swift in Sources */,
			);
			runOnlyForDeploymentPostprocessing = 0;
		};
/* End PBXSourcesBuildPhase section */

/* Begin PBXTargetDependency section */
		68FE62B4213B9D220068C2B1 /* PBXTargetDependency */ = {
			isa = PBXTargetDependency;
			target = 68FE629D213B9D1F0068C2B1 /* Concentration */;
			targetProxy = 68FE62B3213B9D220068C2B1 /* PBXContainerItemProxy */;
		};
		68FE62BF213B9D220068C2B1 /* PBXTargetDependency */ = {
			isa = PBXTargetDependency;
			target = 68FE629D213B9D1F0068C2B1 /* Concentration */;
			targetProxy = 68FE62BE213B9D220068C2B1 /* PBXContainerItemProxy */;
		};
/* End PBXTargetDependency section */

/* Begin PBXVariantGroup section */
		68FE62A5213B9D1F0068C2B1 /* Main.storyboard */ = {
			isa = PBXVariantGroup;
			children = (
				68FE62A6213B9D1F0068C2B1 /* Base */,
			);
			name = Main.storyboard;
			sourceTree = "<group>";
		};
		68FE62AA213B9D220068C2B1 /* LaunchScreen.storyboard */ = {
			isa = PBXVariantGroup;
			children = (
				68FE62AB213B9D220068C2B1 /* Base */,
			);
			name = LaunchScreen.storyboard;
			sourceTree = "<group>";
		};
/* End PBXVariantGroup section */

/* Begin XCBuildConfiguration section */
		68FE62C4213B9D220068C2B1 /* Debug */ = {
			isa = XCBuildConfiguration;
			buildSettings = {
				ALWAYS_SEARCH_USER_PATHS = NO;
				CLANG_ANALYZER_NONNULL = YES;
				CLANG_ANALYZER_NUMBER_OBJECT_CONVERSION = YES_AGGRESSIVE;
				CLANG_CXX_LANGUAGE_STANDARD = "gnu++14";
				CLANG_CXX_LIBRARY = "libc++";
				CLANG_ENABLE_MODULES = YES;
				CLANG_ENABLE_OBJC_ARC = YES;
				CLANG_ENABLE_OBJC_WEAK = YES;
				CLANG_WARN_BLOCK_CAPTURE_AUTORELEASING = YES;
				CLANG_WARN_BOOL_CONVERSION = YES;
				CLANG_WARN_COMMA = YES;
				CLANG_WARN_CONSTANT_CONVERSION = YES;
				CLANG_WARN_DEPRECATED_OBJC_IMPLEMENTATIONS = YES;
				CLANG_WARN_DIRECT_OBJC_ISA_USAGE = YES_ERROR;
				CLANG_WARN_DOCUMENTATION_COMMENTS = YES;
				CLANG_WARN_EMPTY_BODY = YES;
				CLANG_WARN_ENUM_CONVERSION = YES;
				CLANG_WARN_INFINITE_RECURSION = YES;
				CLANG_WARN_INT_CONVERSION = YES;
				CLANG_WARN_NON_LITERAL_NULL_CONVERSION = YES;
				CLANG_WARN_OBJC_IMPLICIT_RETAIN_SELF = YES;
				CLANG_WARN_OBJC_LITERAL_CONVERSION = YES;
				CLANG_WARN_OBJC_ROOT_CLASS = YES_ERROR;
				CLANG_WARN_RANGE_LOOP_ANALYSIS = YES;
				CLANG_WARN_STRICT_PROTOTYPES = YES;
				CLANG_WARN_SUSPICIOUS_MOVE = YES;
				CLANG_WARN_UNGUARDED_AVAILABILITY = YES_AGGRESSIVE;
				CLANG_WARN_UNREACHABLE_CODE = YES;
				CLANG_WARN__DUPLICATE_METHOD_MATCH = YES;
				CODE_SIGN_IDENTITY = "iPhone Developer";
				COPY_PHASE_STRIP = NO;
				DEBUG_INFORMATION_FORMAT = dwarf;
				ENABLE_STRICT_OBJC_MSGSEND = YES;
				ENABLE_TESTABILITY = YES;
				GCC_C_LANGUAGE_STANDARD = gnu11;
				GCC_DYNAMIC_NO_PIC = NO;
				GCC_NO_COMMON_BLOCKS = YES;
				GCC_OPTIMIZATION_LEVEL = 0;
				GCC_PREPROCESSOR_DEFINITIONS = (
					"DEBUG=1",
					"$(inherited)",
				);
				GCC_WARN_64_TO_32_BIT_CONVERSION = YES;
				GCC_WARN_ABOUT_RETURN_TYPE = YES_ERROR;
				GCC_WARN_UNDECLARED_SELECTOR = YES;
				GCC_WARN_UNINITIALIZED_AUTOS = YES_AGGRESSIVE;
				GCC_WARN_UNUSED_FUNCTION = YES;
				GCC_WARN_UNUSED_VARIABLE = YES;
				IPHONEOS_DEPLOYMENT_TARGET = 11.4;
				MTL_ENABLE_DEBUG_INFO = YES;
				ONLY_ACTIVE_ARCH = YES;
				SDKROOT = iphoneos;
				SWIFT_ACTIVE_COMPILATION_CONDITIONS = DEBUG;
				SWIFT_OPTIMIZATION_LEVEL = "-Onone";
			};
			name = Debug;
		};
		68FE62C5213B9D220068C2B1 /* Release */ = {
			isa = XCBuildConfiguration;
			buildSettings = {
				ALWAYS_SEARCH_USER_PATHS = NO;
				CLANG_ANALYZER_NONNULL = YES;
				CLANG_ANALYZER_NUMBER_OBJECT_CONVERSION = YES_AGGRESSIVE;
				CLANG_CXX_LANGUAGE_STANDARD = "gnu++14";
				CLANG_CXX_LIBRARY = "libc++";
				CLANG_ENABLE_MODULES = YES;
				CLANG_ENABLE_OBJC_ARC = YES;
				CLANG_ENABLE_OBJC_WEAK = YES;
				CLANG_WARN_BLOCK_CAPTURE_AUTORELEASING = YES;
				CLANG_WARN_BOOL_CONVERSION = YES;
				CLANG_WARN_COMMA = YES;
				CLANG_WARN_CONSTANT_CONVERSION = YES;
				CLANG_WARN_DEPRECATED_OBJC_IMPLEMENTATIONS = YES;
				CLANG_WARN_DIRECT_OBJC_ISA_USAGE = YES_ERROR;
				CLANG_WARN_DOCUMENTATION_COMMENTS = YES;
				CLANG_WARN_EMPTY_BODY = YES;
				CLANG_WARN_ENUM_CONVERSION = YES;
				CLANG_WARN_INFINITE_RECURSION = YES;
				CLANG_WARN_INT_CONVERSION = YES;
				CLANG_WARN_NON_LITERAL_NULL_CONVERSION = YES;
				CLANG_WARN_OBJC_IMPLICIT_RETAIN_SELF = YES;
				CLANG_WARN_OBJC_LITERAL_CONVERSION = YES;
				CLANG_WARN_OBJC_ROOT_CLASS = YES_ERROR;
				CLANG_WARN_RANGE_LOOP_ANALYSIS = YES;
				CLANG_WARN_STRICT_PROTOTYPES = YES;
				CLANG_WARN_SUSPICIOUS_MOVE = YES;
				CLANG_WARN_UNGUARDED_AVAILABILITY = YES_AGGRESSIVE;
				CLANG_WARN_UNREACHABLE_CODE = YES;
				CLANG_WARN__DUPLICATE_METHOD_MATCH = YES;
				CODE_SIGN_IDENTITY = "iPhone Developer";
				COPY_PHASE_STRIP = NO;
				DEBUG_INFORMATION_FORMAT = "dwarf-with-dsym";
				ENABLE_NS_ASSERTIONS = NO;
				ENABLE_STRICT_OBJC_MSGSEND = YES;
				GCC_C_LANGUAGE_STANDARD = gnu11;
				GCC_NO_COMMON_BLOCKS = YES;
				GCC_WARN_64_TO_32_BIT_CONVERSION = YES;
				GCC_WARN_ABOUT_RETURN_TYPE = YES_ERROR;
				GCC_WARN_UNDECLARED_SELECTOR = YES;
				GCC_WARN_UNINITIALIZED_AUTOS = YES_AGGRESSIVE;
				GCC_WARN_UNUSED_FUNCTION = YES;
				GCC_WARN_UNUSED_VARIABLE = YES;
				IPHONEOS_DEPLOYMENT_TARGET = 11.4;
				MTL_ENABLE_DEBUG_INFO = NO;
				SDKROOT = iphoneos;
				SWIFT_COMPILATION_MODE = wholemodule;
				SWIFT_OPTIMIZATION_LEVEL = "-O";
				VALIDATE_PRODUCT = YES;
			};
			name = Release;
		};
		68FE62C7213B9D220068C2B1 /* Debug */ = {
			isa = XCBuildConfiguration;
			buildSettings = {
				ASSETCATALOG_COMPILER_APPICON_NAME = AppIcon;
				CODE_SIGN_STYLE = Automatic;
				INFOPLIST_FILE = Concentration/Info.plist;
				LD_RUNPATH_SEARCH_PATHS = (
					"$(inherited)",
					"@executable_path/Frameworks",
				);
				PRODUCT_BUNDLE_IDENTIFIER = sthuang.Concentration;
				PRODUCT_NAME = "$(TARGET_NAME)";
				SWIFT_VERSION = 4.0;
				TARGETED_DEVICE_FAMILY = "1,2";
			};
			name = Debug;
		};
		68FE62C8213B9D220068C2B1 /* Release */ = {
			isa = XCBuildConfiguration;
			buildSettings = {
				ASSETCATALOG_COMPILER_APPICON_NAME = AppIcon;
				CODE_SIGN_STYLE = Automatic;
				INFOPLIST_FILE = Concentration/Info.plist;
				LD_RUNPATH_SEARCH_PATHS = (
					"$(inherited)",
					"@executable_path/Frameworks",
				);
				PRODUCT_BUNDLE_IDENTIFIER = sthuang.Concentration;
				PRODUCT_NAME = "$(TARGET_NAME)";
				SWIFT_VERSION = 4.0;
				TARGETED_DEVICE_FAMILY = "1,2";
			};
			name = Release;
		};
		68FE62CA213B9D220068C2B1 /* Debug */ = {
			isa = XCBuildConfiguration;
			buildSettings = {
				ALWAYS_EMBED_SWIFT_STANDARD_LIBRARIES = YES;
				BUNDLE_LOADER = "$(TEST_HOST)";
				CODE_SIGN_STYLE = Automatic;
				INFOPLIST_FILE = ConcentrationTests/Info.plist;
				LD_RUNPATH_SEARCH_PATHS = (
					"$(inherited)",
					"@executable_path/Frameworks",
					"@loader_path/Frameworks",
				);
				PRODUCT_BUNDLE_IDENTIFIER = sthuang.ConcentrationTests;
				PRODUCT_NAME = "$(TARGET_NAME)";
				SWIFT_VERSION = 4.0;
				TARGETED_DEVICE_FAMILY = "1,2";
				TEST_HOST = "$(BUILT_PRODUCTS_DIR)/Concentration.app/Concentration";
			};
			name = Debug;
		};
		68FE62CB213B9D220068C2B1 /* Release */ = {
			isa = XCBuildConfiguration;
			buildSettings = {
				ALWAYS_EMBED_SWIFT_STANDARD_LIBRARIES = YES;
				BUNDLE_LOADER = "$(TEST_HOST)";
				CODE_SIGN_STYLE = Automatic;
				INFOPLIST_FILE = ConcentrationTests/Info.plist;
				LD_RUNPATH_SEARCH_PATHS = (
					"$(inherited)",
					"@executable_path/Frameworks",
					"@loader_path/Frameworks",
				);
				PRODUCT_BUNDLE_IDENTIFIER = sthuang.ConcentrationTests;
				PRODUCT_NAME = "$(TARGET_NAME)";
				SWIFT_VERSION = 4.0;
				TARGETED_DEVICE_FAMILY = "1,2";
				TEST_HOST = "$(BUILT_PRODUCTS_DIR)/Concentration.app/Concentration";
			};
			name = Release;
		};
		68FE62CD213B9D220068C2B1 /* Debug */ = {
			isa = XCBuildConfiguration;
			buildSettings = {
				ALWAYS_EMBED_SWIFT_STANDARD_LIBRARIES = YES;
				CODE_SIGN_STYLE = Automatic;
				INFOPLIST_FILE = ConcentrationUITests/Info.plist;
				LD_RUNPATH_SEARCH_PATHS = (
					"$(inherited)",
					"@executable_path/Frameworks",
					"@loader_path/Frameworks",
				);
				PRODUCT_BUNDLE_IDENTIFIER = sthuang.ConcentrationUITests;
				PRODUCT_NAME = "$(TARGET_NAME)";
				SWIFT_VERSION = 4.0;
				TARGETED_DEVICE_FAMILY = "1,2";
				TEST_TARGET_NAME = Concentration;
			};
			name = Debug;
		};
		68FE62CE213B9D220068C2B1 /* Release */ = {
			isa = XCBuildConfiguration;
			buildSettings = {
				ALWAYS_EMBED_SWIFT_STANDARD_LIBRARIES = YES;
				CODE_SIGN_STYLE = Automatic;
				INFOPLIST_FILE = ConcentrationUITests/Info.plist;
				LD_RUNPATH_SEARCH_PATHS = (
					"$(inherited)",
					"@executable_path/Frameworks",
					"@loader_path/Frameworks",
				);
				PRODUCT_BUNDLE_IDENTIFIER = sthuang.ConcentrationUITests;
				PRODUCT_NAME = "$(TARGET_NAME)";
				SWIFT_VERSION = 4.0;
				TARGETED_DEVICE_FAMILY = "1,2";
				TEST_TARGET_NAME = Concentration;
			};
			name = Release;
		};
/* End XCBuildConfiguration section */

/* Begin XCConfigurationList section */
		68FE6299213B9D1F0068C2B1 /* Build configuration list for PBXProject "Concentration" */ = {
			isa = XCConfigurationList;
			buildConfigurations = (
				68FE62C4213B9D220068C2B1 /* Debug */,
				68FE62C5213B9D220068C2B1 /* Release */,
			);
			defaultConfigurationIsVisible = 0;
			defaultConfigurationName = Release;
		};
		68FE62C6213B9D220068C2B1 /* Build configuration list for PBXNativeTarget "Concentration" */ = {
			isa = XCConfigurationList;
			buildConfigurations = (
				68FE62C7213B9D220068C2B1 /* Debug */,
				68FE62C8213B9D220068C2B1 /* Release */,
			);
			defaultConfigurationIsVisible = 0;
			defaultConfigurationName = Release;
		};
		68FE62C9213B9D220068C2B1 /* Build configuration list for PBXNativeTarget "ConcentrationTests" */ = {
			isa = XCConfigurationList;
			buildConfigurations = (
				68FE62CA213B9D220068C2B1 /* Debug */,
				68FE62CB213B9D220068C2B1 /* Release */,
			);
			defaultConfigurationIsVisible = 0;
			defaultConfigurationName = Release;
		};
		68FE62CC213B9D220068C2B1 /* Build configuration list for PBXNativeTarget "ConcentrationUITests" */ = {
			isa = XCConfigurationList;
			buildConfigurations = (
				68FE62CD213B9D220068C2B1 /* Debug */,
				68FE62CE213B9D220068C2B1 /* Release */,
			);
			defaultConfigurationIsVisible = 0;
			defaultConfigurationName = Release;
		};
/* End XCConfigurationList section */
	};
	rootObject = 68FE6296213B9D1F0068C2B1 /* Project object */;
}
